// !$*UTF8*$!
{
	archiveVersion = 1;
	classes = {
	};
	objectVersion = 55;
	objects = {

/* Begin PBXBuildFile section */
		82BA51AE2BB45878000D54C4 /* propertyWrapperApp.swift in Sources */ = {isa = PBXBuildFile; fileRef = 82BA51AD2BB45878000D54C4 /* propertyWrapperApp.swift */; };
		82BA51B02BB45878000D54C4 /* ContentView.swift in Sources */ = {isa = PBXBuildFile; fileRef = 82BA51AF2BB45878000D54C4 /* ContentView.swift */; };
		82BA51B22BB4587A000D54C4 /* Assets.xcassets in Resources */ = {isa = PBXBuildFile; fileRef = 82BA51B12BB4587A000D54C4 /* Assets.xcassets */; };
		82BA51B52BB4587A000D54C4 /* Preview Assets.xcassets in Resources */ = {isa = PBXBuildFile; fileRef = 82BA51B42BB4587A000D54C4 /* Preview Assets.xcassets */; };
		82BA51BF2BB4587B000D54C4 /* propertyWrapperTests.swift in Sources */ = {isa = PBXBuildFile; fileRef = 82BA51BE2BB4587B000D54C4 /* propertyWrapperTests.swift */; };
		82BA51C92BB4587B000D54C4 /* propertyWrapperUITests.swift in Sources */ = {isa = PBXBuildFile; fileRef = 82BA51C82BB4587B000D54C4 /* propertyWrapperUITests.swift */; };
		82BA51CB2BB4587B000D54C4 /* propertyWrapperUITestsLaunchTests.swift in Sources */ = {isa = PBXBuildFile; fileRef = 82BA51CA2BB4587B000D54C4 /* propertyWrapperUITestsLaunchTests.swift */; };
		82BA51D82BB46BDA000D54C4 /* BindingVista.swift in Sources */ = {isa = PBXBuildFile; fileRef = 82BA51D72BB46BDA000D54C4 /* BindingVista.swift */; };
/* End PBXBuildFile section */

/* Begin PBXContainerItemProxy section */
		82BA51BB2BB4587B000D54C4 /* PBXContainerItemProxy */ = {
			isa = PBXContainerItemProxy;
			containerPortal = 82BA51A22BB45877000D54C4 /* Project object */;
			proxyType = 1;
			remoteGlobalIDString = 82BA51A92BB45878000D54C4;
			remoteInfo = propertyWrapper;
		};
		82BA51C52BB4587B000D54C4 /* PBXContainerItemProxy */ = {
			isa = PBXContainerItemProxy;
			containerPortal = 82BA51A22BB45877000D54C4 /* Project object */;
			proxyType = 1;
			remoteGlobalIDString = 82BA51A92BB45878000D54C4;
			remoteInfo = propertyWrapper;
		};
/* End PBXContainerItemProxy section */

/* Begin PBXFileReference section */
		82BA51AA2BB45878000D54C4 /* propertyWrapper.app */ = {isa = PBXFileReference; explicitFileType = wrapper.application; includeInIndex = 0; path = propertyWrapper.app; sourceTree = BUILT_PRODUCTS_DIR; };
		82BA51AD2BB45878000D54C4 /* propertyWrapperApp.swift */ = {isa = PBXFileReference; lastKnownFileType = sourcecode.swift; path = propertyWrapperApp.swift; sourceTree = "<group>"; };
		82BA51AF2BB45878000D54C4 /* ContentView.swift */ = {isa = PBXFileReference; lastKnownFileType = sourcecode.swift; path = ContentView.swift; sourceTree = "<group>"; };
		82BA51B12BB4587A000D54C4 /* Assets.xcassets */ = {isa = PBXFileReference; lastKnownFileType = folder.assetcatalog; path = Assets.xcassets; sourceTree = "<group>"; };
		82BA51B42BB4587A000D54C4 /* Preview Assets.xcassets */ = {isa = PBXFileReference; lastKnownFileType = folder.assetcatalog; path = "Preview Assets.xcassets"; sourceTree = "<group>"; };
		82BA51BA2BB4587B000D54C4 /* propertyWrapperTests.xctest */ = {isa = PBXFileReference; explicitFileType = wrapper.cfbundle; includeInIndex = 0; path = propertyWrapperTests.xctest; sourceTree = BUILT_PRODUCTS_DIR; };
		82BA51BE2BB4587B000D54C4 /* propertyWrapperTests.swift */ = {isa = PBXFileReference; lastKnownFileType = sourcecode.swift; path = propertyWrapperTests.swift; sourceTree = "<group>"; };
		82BA51C42BB4587B000D54C4 /* propertyWrapperUITests.xctest */ = {isa = PBXFileReference; explicitFileType = wrapper.cfbundle; includeInIndex = 0; path = propertyWrapperUITests.xctest; sourceTree = BUILT_PRODUCTS_DIR; };
		82BA51C82BB4587B000D54C4 /* propertyWrapperUITests.swift */ = {isa = PBXFileReference; lastKnownFileType = sourcecode.swift; path = propertyWrapperUITests.swift; sourceTree = "<group>"; };
		82BA51CA2BB4587B000D54C4 /* propertyWrapperUITestsLaunchTests.swift */ = {isa = PBXFileReference; lastKnownFileType = sourcecode.swift; path = propertyWrapperUITestsLaunchTests.swift; sourceTree = "<group>"; };
		82BA51D72BB46BDA000D54C4 /* BindingVista.swift */ = {isa = PBXFileReference; lastKnownFileType = sourcecode.swift; path = BindingVista.swift; sourceTree = "<group>"; };
/* End PBXFileReference section */

/* Begin PBXFrameworksBuildPhase section */
		82BA51A72BB45878000D54C4 /* Frameworks */ = {
			isa = PBXFrameworksBuildPhase;
			buildActionMask = 2147483647;
			files = (
			);
			runOnlyForDeploymentPostprocessing = 0;
		};
		82BA51B72BB4587B000D54C4 /* Frameworks */ = {
			isa = PBXFrameworksBuildPhase;
			buildActionMask = 2147483647;
			files = (
			);
			runOnlyForDeploymentPostprocessing = 0;
		};
		82BA51C12BB4587B000D54C4 /* Frameworks */ = {
			isa = PBXFrameworksBuildPhase;
			buildActionMask = 2147483647;
			files = (
			);
			runOnlyForDeploymentPostprocessing = 0;
		};
/* End PBXFrameworksBuildPhase section */

/* Begin PBXGroup section */
		82BA51A12BB45877000D54C4 = {
			isa = PBXGroup;
			children = (
				82BA51AC2BB45878000D54C4 /* propertyWrapper */,
				82BA51BD2BB4587B000D54C4 /* propertyWrapperTests */,
				82BA51C72BB4587B000D54C4 /* propertyWrapperUITests */,
				82BA51AB2BB45878000D54C4 /* Products */,
			);
			sourceTree = "<group>";
		};
		82BA51AB2BB45878000D54C4 /* Products */ = {
			isa = PBXGroup;
			children = (
				82BA51AA2BB45878000D54C4 /* propertyWrapper.app */,
				82BA51BA2BB4587B000D54C4 /* propertyWrapperTests.xctest */,
				82BA51C42BB4587B000D54C4 /* propertyWrapperUITests.xctest */,
			);
			name = Products;
			sourceTree = "<group>";
		};
		82BA51AC2BB45878000D54C4 /* propertyWrapper */ = {
			isa = PBXGroup;
			children = (
				82BA51AD2BB45878000D54C4 /* propertyWrapperApp.swift */,
				82BA51AF2BB45878000D54C4 /* ContentView.swift */,
				82BA51B12BB4587A000D54C4 /* Assets.xcassets */,
				82BA51B32BB4587A000D54C4 /* Preview Content */,
				82BA51D72BB46BDA000D54C4 /* BindingVista.swift */,
			);
			path = propertyWrapper;
			sourceTree = "<group>";
		};
		82BA51B32BB4587A000D54C4 /* Preview Content */ = {
			isa = PBXGroup;
			children = (
				82BA51B42BB4587A000D54C4 /* Preview Assets.xcassets */,
			);
			path = "Preview Content";
			sourceTree = "<group>";
		};
		82BA51BD2BB4587B000D54C4 /* propertyWrapperTests */ = {
			isa = PBXGroup;
			children = (
				82BA51BE2BB4587B000D54C4 /* propertyWrapperTests.swift */,
			);
			path = propertyWrapperTests;
			sourceTree = "<group>";
		};
		82BA51C72BB4587B000D54C4 /* propertyWrapperUITests */ = {
			isa = PBXGroup;
			children = (
				82BA51C82BB4587B000D54C4 /* propertyWrapperUITests.swift */,
				82BA51CA2BB4587B000D54C4 /* propertyWrapperUITestsLaunchTests.swift */,
			);
			path = propertyWrapperUITests;
			sourceTree = "<group>";
		};
/* End PBXGroup section */

/* Begin PBXNativeTarget section */
		82BA51A92BB45878000D54C4 /* propertyWrapper */ = {
			isa = PBXNativeTarget;
			buildConfigurationList = 82BA51CE2BB4587B000D54C4 /* Build configuration list for PBXNativeTarget "propertyWrapper" */;
			buildPhases = (
				82BA51A62BB45878000D54C4 /* Sources */,
				82BA51A72BB45878000D54C4 /* Frameworks */,
				82BA51A82BB45878000D54C4 /* Resources */,
			);
			buildRules = (
			);
			dependencies = (
			);
			name = propertyWrapper;
			productName = propertyWrapper;
			productReference = 82BA51AA2BB45878000D54C4 /* propertyWrapper.app */;
			productType = "com.apple.product-type.application";
		};
		82BA51B92BB4587B000D54C4 /* propertyWrapperTests */ = {
			isa = PBXNativeTarget;
			buildConfigurationList = 82BA51D12BB4587B000D54C4 /* Build configuration list for PBXNativeTarget "propertyWrapperTests" */;
			buildPhases = (
				82BA51B62BB4587B000D54C4 /* Sources */,
				82BA51B72BB4587B000D54C4 /* Frameworks */,
				82BA51B82BB4587B000D54C4 /* Resources */,
			);
			buildRules = (
			);
			dependencies = (
				82BA51BC2BB4587B000D54C4 /* PBXTargetDependency */,
			);
			name = propertyWrapperTests;
			productName = propertyWrapperTests;
			productReference = 82BA51BA2BB4587B000D54C4 /* propertyWrapperTests.xctest */;
			productType = "com.apple.product-type.bundle.unit-test";
		};
		82BA51C32BB4587B000D54C4 /* propertyWrapperUITests */ = {
			isa = PBXNativeTarget;
			buildConfigurationList = 82BA51D42BB4587B000D54C4 /* Build configuration list for PBXNativeTarget "propertyWrapperUITests" */;
			buildPhases = (
				82BA51C02BB4587B000D54C4 /* Sources */,
				82BA51C12BB4587B000D54C4 /* Frameworks */,
				82BA51C22BB4587B000D54C4 /* Resources */,
			);
			buildRules = (
			);
			dependencies = (
				82BA51C62BB4587B000D54C4 /* PBXTargetDependency */,
			);
			name = propertyWrapperUITests;
			productName = propertyWrapperUITests;
			productReference = 82BA51C42BB4587B000D54C4 /* propertyWrapperUITests.xctest */;
			productType = "com.apple.product-type.bundle.ui-testing";
		};
/* End PBXNativeTarget section */

/* Begin PBXProject section */
		82BA51A22BB45877000D54C4 /* Project object */ = {
			isa = PBXProject;
			attributes = {
				BuildIndependentTargetsInParallel = 1;
				LastSwiftUpdateCheck = 1340;
				LastUpgradeCheck = 1340;
				TargetAttributes = {
					82BA51A92BB45878000D54C4 = {
						CreatedOnToolsVersion = 13.4;
					};
					82BA51B92BB4587B000D54C4 = {
						CreatedOnToolsVersion = 13.4;
						TestTargetID = 82BA51A92BB45878000D54C4;
					};
					82BA51C32BB4587B000D54C4 = {
						CreatedOnToolsVersion = 13.4;
						TestTargetID = 82BA51A92BB45878000D54C4;
					};
				};
			};
			buildConfigurationList = 82BA51A52BB45877000D54C4 /* Build configuration list for PBXProject "propertyWrapper" */;
			compatibilityVersion = "Xcode 13.0";
			developmentRegion = en;
			hasScannedForEncodings = 0;
			knownRegions = (
				en,
				Base,
			);
			mainGroup = 82BA51A12BB45877000D54C4;
			productRefGroup = 82BA51AB2BB45878000D54C4 /* Products */;
			projectDirPath = "";
			projectRoot = "";
			targets = (
				82BA51A92BB45878000D54C4 /* propertyWrapper */,
				82BA51B92BB4587B000D54C4 /* propertyWrapperTests */,
				82BA51C32BB4587B000D54C4 /* propertyWrapperUITests */,
			);
		};
/* End PBXProject section */

/* Begin PBXResourcesBuildPhase section */
		82BA51A82BB45878000D54C4 /* Resources */ = {
			isa = PBXResourcesBuildPhase;
			buildActionMask = 2147483647;
			files = (
				82BA51B52BB4587A000D54C4 /* Preview Assets.xcassets in Resources */,
				82BA51B22BB4587A000D54C4 /* Assets.xcassets in Resources */,
			);
			runOnlyForDeploymentPostprocessing = 0;
		};
		82BA51B82BB4587B000D54C4 /* Resources */ = {
			isa = PBXResourcesBuildPhase;
			buildActionMask = 2147483647;
			files = (
			);
			runOnlyForDeploymentPostprocessing = 0;
		};
		82BA51C22BB4587B000D54C4 /* Resources */ = {
			isa = PBXResourcesBuildPhase;
			buildActionMask = 2147483647;
			files = (
			);
			runOnlyForDeploymentPostprocessing = 0;
		};
/* End PBXResourcesBuildPhase section */

/* Begin PBXSourcesBuildPhase section */
		82BA51A62BB45878000D54C4 /* Sources */ = {
			isa = PBXSourcesBuildPhase;
			buildActionMask = 2147483647;
			files = (
				82BA51D82BB46BDA000D54C4 /* BindingVista.swift in Sources */,
				82BA51B02BB45878000D54C4 /* ContentView.swift in Sources */,
				82BA51AE2BB45878000D54C4 /* propertyWrapperApp.swift in Sources */,
			);
			runOnlyForDeploymentPostprocessing = 0;
		};
		82BA51B62BB4587B000D54C4 /* Sources */ = {
			isa = PBXSourcesBuildPhase;
			buildActionMask = 2147483647;
			files = (
				82BA51BF2BB4587B000D54C4 /* propertyWrapperTests.swift in Sources */,
			);
			runOnlyForDeploymentPostprocessing = 0;
		};
		82BA51C02BB4587B000D54C4 /* Sources */ = {
			isa = PBXSourcesBuildPhase;
			buildActionMask = 2147483647;
			files = (
				82BA51C92BB4587B000D54C4 /* propertyWrapperUITests.swift in Sources */,
				82BA51CB2BB4587B000D54C4 /* propertyWrapperUITestsLaunchTests.swift in Sources */,
			);
			runOnlyForDeploymentPostprocessing = 0;
		};
/* End PBXSourcesBuildPhase section */

/* Begin PBXTargetDependency section */
		82BA51BC2BB4587B000D54C4 /* PBXTargetDependency */ = {
			isa = PBXTargetDependency;
			target = 82BA51A92BB45878000D54C4 /* propertyWrapper */;
			targetProxy = 82BA51BB2BB4587B000D54C4 /* PBXContainerItemProxy */;
		};
		82BA51C62BB4587B000D54C4 /* PBXTargetDependency */ = {
			isa = PBXTargetDependency;
			target = 82BA51A92BB45878000D54C4 /* propertyWrapper */;
			targetProxy = 82BA51C52BB4587B000D54C4 /* PBXContainerItemProxy */;
		};
/* End PBXTargetDependency section */

/* Begin XCBuildConfiguration section */
		82BA51CC2BB4587B000D54C4 /* Debug */ = {
			isa = XCBuildConfiguration;
			buildSettings = {
				ALWAYS_SEARCH_USER_PATHS = NO;
				CLANG_ANALYZER_NONNULL = YES;
				CLANG_ANALYZER_NUMBER_OBJECT_CONVERSION = YES_AGGRESSIVE;
				CLANG_CXX_LANGUAGE_STANDARD = "gnu++17";
				CLANG_ENABLE_MODULES = YES;
				CLANG_ENABLE_OBJC_ARC = YES;
				CLANG_ENABLE_OBJC_WEAK = YES;
				CLANG_WARN_BLOCK_CAPTURE_AUTORELEASING = YES;
				CLANG_WARN_BOOL_CONVERSION = YES;
				CLANG_WARN_COMMA = YES;
				CLANG_WARN_CONSTANT_CONVERSION = YES;
				CLANG_WARN_DEPRECATED_OBJC_IMPLEMENTATIONS = YES;
				CLANG_WARN_DIRECT_OBJC_ISA_USAGE = YES_ERROR;
				CLANG_WARN_DOCUMENTATION_COMMENTS = YES;
				CLANG_WARN_EMPTY_BODY = YES;
				CLANG_WARN_ENUM_CONVERSION = YES;
				CLANG_WARN_INFINITE_RECURSION = YES;
				CLANG_WARN_INT_CONVERSION = YES;
				CLANG_WARN_NON_LITERAL_NULL_CONVERSION = YES;
				CLANG_WARN_OBJC_IMPLICIT_RETAIN_SELF = YES;
				CLANG_WARN_OBJC_LITERAL_CONVERSION = YES;
				CLANG_WARN_OBJC_ROOT_CLASS = YES_ERROR;
				CLANG_WARN_QUOTED_INCLUDE_IN_FRAMEWORK_HEADER = YES;
				CLANG_WARN_RANGE_LOOP_ANALYSIS = YES;
				CLANG_WARN_STRICT_PROTOTYPES = YES;
				CLANG_WARN_SUSPICIOUS_MOVE = YES;
				CLANG_WARN_UNGUARDED_AVAILABILITY = YES_AGGRESSIVE;
				CLANG_WARN_UNREACHABLE_CODE = YES;
				CLANG_WARN__DUPLICATE_METHOD_MATCH = YES;
				COPY_PHASE_STRIP = NO;
				DEBUG_INFORMATION_FORMAT = dwarf;
				ENABLE_STRICT_OBJC_MSGSEND = YES;
				ENABLE_TESTABILITY = YES;
				GCC_C_LANGUAGE_STANDARD = gnu11;
				GCC_DYNAMIC_NO_PIC = NO;
				GCC_NO_COMMON_BLOCKS = YES;
				GCC_OPTIMIZATION_LEVEL = 0;
				GCC_PREPROCESSOR_DEFINITIONS = (
					"DEBUG=1",
					"$(inherited)",
				);
				GCC_WARN_64_TO_32_BIT_CONVERSION = YES;
				GCC_WARN_ABOUT_RETURN_TYPE = YES_ERROR;
				GCC_WARN_UNDECLARED_SELECTOR = YES;
				GCC_WARN_UNINITIALIZED_AUTOS = YES_AGGRESSIVE;
				GCC_WARN_UNUSED_FUNCTION = YES;
				GCC_WARN_UNUSED_VARIABLE = YES;
				IPHONEOS_DEPLOYMENT_TARGET = 15.5;
				MTL_ENABLE_DEBUG_INFO = INCLUDE_SOURCE;
				MTL_FAST_MATH = YES;
				ONLY_ACTIVE_ARCH = YES;
				SDKROOT = iphoneos;
				SWIFT_ACTIVE_COMPILATION_CONDITIONS = DEBUG;
				SWIFT_OPTIMIZATION_LEVEL = "-Onone";
			};
			name = Debug;
		};
		82BA51CD2BB4587B000D54C4 /* Release */ = {
			isa = XCBuildConfiguration;
			buildSettings = {
				ALWAYS_SEARCH_USER_PATHS = NO;
				CLANG_ANALYZER_NONNULL = YES;
				CLANG_ANALYZER_NUMBER_OBJECT_CONVERSION = YES_AGGRESSIVE;
				CLANG_CXX_LANGUAGE_STANDARD = "gnu++17";
				CLANG_ENABLE_MODULES = YES;
				CLANG_ENABLE_OBJC_ARC = YES;
				CLANG_ENABLE_OBJC_WEAK = YES;
				CLANG_WARN_BLOCK_CAPTURE_AUTORELEASING = YES;
				CLANG_WARN_BOOL_CONVERSION = YES;
				CLANG_WARN_COMMA = YES;
				CLANG_WARN_CONSTANT_CONVERSION = YES;
				CLANG_WARN_DEPRECATED_OBJC_IMPLEMENTATIONS = YES;
				CLANG_WARN_DIRECT_OBJC_ISA_USAGE = YES_ERROR;
				CLANG_WARN_DOCUMENTATION_COMMENTS = YES;
				CLANG_WARN_EMPTY_BODY = YES;
				CLANG_WARN_ENUM_CONVERSION = YES;
				CLANG_WARN_INFINITE_RECURSION = YES;
				CLANG_WARN_INT_CONVERSION = YES;
				CLANG_WARN_NON_LITERAL_NULL_CONVERSION = YES;
				CLANG_WARN_OBJC_IMPLICIT_RETAIN_SELF = YES;
				CLANG_WARN_OBJC_LITERAL_CONVERSION = YES;
				CLANG_WARN_OBJC_ROOT_CLASS = YES_ERROR;
				CLANG_WARN_QUOTED_INCLUDE_IN_FRAMEWORK_HEADER = YES;
				CLANG_WARN_RANGE_LOOP_ANALYSIS = YES;
				CLANG_WARN_STRICT_PROTOTYPES = YES;
				CLANG_WARN_SUSPICIOUS_MOVE = YES;
				CLANG_WARN_UNGUARDED_AVAILABILITY = YES_AGGRESSIVE;
				CLANG_WARN_UNREACHABLE_CODE = YES;
				CLANG_WARN__DUPLICATE_METHOD_MATCH = YES;
				COPY_PHASE_STRIP = NO;
				DEBUG_INFORMATION_FORMAT = "dwarf-with-dsym";
				ENABLE_NS_ASSERTIONS = NO;
				ENABLE_STRICT_OBJC_MSGSEND = YES;
				GCC_C_LANGUAGE_STANDARD = gnu11;
				GCC_NO_COMMON_BLOCKS = YES;
				GCC_WARN_64_TO_32_BIT_CONVERSION = YES;
				GCC_WARN_ABOUT_RETURN_TYPE = YES_ERROR;
				GCC_WARN_UNDECLARED_SELECTOR = YES;
				GCC_WARN_UNINITIALIZED_AUTOS = YES_AGGRESSIVE;
				GCC_WARN_UNUSED_FUNCTION = YES;
				GCC_WARN_UNUSED_VARIABLE = YES;
				IPHONEOS_DEPLOYMENT_TARGET = 15.5;
				MTL_ENABLE_DEBUG_INFO = NO;
				MTL_FAST_MATH = YES;
				SDKROOT = iphoneos;
				SWIFT_COMPILATION_MODE = wholemodule;
				SWIFT_OPTIMIZATION_LEVEL = "-O";
				VALIDATE_PRODUCT = YES;
			};
			name = Release;
		};
		82BA51CF2BB4587B000D54C4 /* Debug */ = {
			isa = XCBuildConfiguration;
			buildSettings = {
				ASSETCATALOG_COMPILER_APPICON_NAME = AppIcon;
				ASSETCATALOG_COMPILER_GLOBAL_ACCENT_COLOR_NAME = AccentColor;
				CODE_SIGN_STYLE = Automatic;
				CURRENT_PROJECT_VERSION = 1;
				DEVELOPMENT_ASSET_PATHS = "\"propertyWrapper/Preview Content\"";
				DEVELOPMENT_TEAM = CZU5UZ77MX;
				ENABLE_PREVIEWS = YES;
				GENERATE_INFOPLIST_FILE = YES;
				INFOPLIST_KEY_UIApplicationSceneManifest_Generation = YES;
				INFOPLIST_KEY_UIApplicationSupportsIndirectInputEvents = YES;
				INFOPLIST_KEY_UILaunchScreen_Generation = YES;
				INFOPLIST_KEY_UISupportedInterfaceOrientations_iPad = "UIInterfaceOrientationPortrait UIInterfaceOrientationPortraitUpsideDown UIInterfaceOrientationLandscapeLeft UIInterfaceOrientationLandscapeRight";
				INFOPLIST_KEY_UISupportedInterfaceOrientations_iPhone = "UIInterfaceOrientationPortrait UIInterfaceOrientationLandscapeLeft UIInterfaceOrientationLandscapeRight";
				LD_RUNPATH_SEARCH_PATHS = (
					"$(inherited)",
					"@executable_path/Frameworks",
				);
				MARKETING_VERSION = 1.0;
				PRODUCT_BUNDLE_IDENTIFIER = pepe.propertyWrapper;
				PRODUCT_NAME = "$(TARGET_NAME)";
				SWIFT_EMIT_LOC_STRINGS = YES;
				SWIFT_VERSION = 5.0;
				TARGETED_DEVICE_FAMILY = "1,2";
			};
			name = Debug;
		};
		82BA51D02BB4587B000D54C4 /* Release */ = {
			isa = XCBuildConfiguration;
			buildSettings = {
				ASSETCATALOG_COMPILER_APPICON_NAME = AppIcon;
				ASSETCATALOG_COMPILER_GLOBAL_ACCENT_COLOR_NAME = AccentColor;
				CODE_SIGN_STYLE = Automatic;
				CURRENT_PROJECT_VERSION = 1;
				DEVELOPMENT_ASSET_PATHS = "\"propertyWrapper/Preview Content\"";
				DEVELOPMENT_TEAM = CZU5UZ77MX;
				ENABLE_PREVIEWS = YES;
				GENERATE_INFOPLIST_FILE = YES;
				INFOPLIST_KEY_UIApplicationSceneManifest_Generation = YES;
				INFOPLIST_KEY_UIApplicationSupportsIndirectInputEvents = YES;
				INFOPLIST_KEY_UILaunchScreen_Generation = YES;
				INFOPLIST_KEY_UISupportedInterfaceOrientations_iPad = "UIInterfaceOrientationPortrait UIInterfaceOrientationPortraitUpsideDown UIInterfaceOrientationLandscapeLeft UIInterfaceOrientationLandscapeRight";
				INFOPLIST_KEY_UISupportedInterfaceOrientations_iPhone = "UIInterfaceOrientationPortrait UIInterfaceOrientationLandscapeLeft UIInterfaceOrientationLandscapeRight";
				LD_RUNPATH_SEARCH_PATHS = (
					"$(inherited)",
					"@executable_path/Frameworks",
				);
				MARKETING_VERSION = 1.0;
				PRODUCT_BUNDLE_IDENTIFIER = pepe.propertyWrapper;
				PRODUCT_NAME = "$(TARGET_NAME)";
				SWIFT_EMIT_LOC_STRINGS = YES;
				SWIFT_VERSION = 5.0;
				TARGETED_DEVICE_FAMILY = "1,2";
			};
			name = Release;
		};
		82BA51D22BB4587B000D54C4 /* Debug */ = {
			isa = XCBuildConfiguration;
			buildSettings = {
				ALWAYS_EMBED_SWIFT_STANDARD_LIBRARIES = YES;
				BUNDLE_LOADER = "$(TEST_HOST)";
				CODE_SIGN_STYLE = Automatic;
				CURRENT_PROJECT_VERSION = 1;
				DEVELOPMENT_TEAM = CZU5UZ77MX;
				GENERATE_INFOPLIST_FILE = YES;
				IPHONEOS_DEPLOYMENT_TARGET = 15.5;
				MARKETING_VERSION = 1.0;
				PRODUCT_BUNDLE_IDENTIFIER = pepe.propertyWrapperTests;
				PRODUCT_NAME = "$(TARGET_NAME)";
				SWIFT_EMIT_LOC_STRINGS = NO;
				SWIFT_VERSION = 5.0;
				TARGETED_DEVICE_FAMILY = "1,2";
				TEST_HOST = "$(BUILT_PRODUCTS_DIR)/propertyWrapper.app/propertyWrapper";
			};
			name = Debug;
		};
		82BA51D32BB4587B000D54C4 /* Release */ = {
			isa = XCBuildConfiguration;
			buildSettings = {
				ALWAYS_EMBED_SWIFT_STANDARD_LIBRARIES = YES;
				BUNDLE_LOADER = "$(TEST_HOST)";
				CODE_SIGN_STYLE = Automatic;
				CURRENT_PROJECT_VERSION = 1;
				DEVELOPMENT_TEAM = CZU5UZ77MX;
				GENERATE_INFOPLIST_FILE = YES;
				IPHONEOS_DEPLOYMENT_TARGET = 15.5;
				MARKETING_VERSION = 1.0;
				PRODUCT_BUNDLE_IDENTIFIER = pepe.propertyWrapperTests;
				PRODUCT_NAME = "$(TARGET_NAME)";
				SWIFT_EMIT_LOC_STRINGS = NO;
				SWIFT_VERSION = 5.0;
				TARGETED_DEVICE_FAMILY = "1,2";
				TEST_HOST = "$(BUILT_PRODUCTS_DIR)/propertyWrapper.app/propertyWrapper";
			};
			name = Release;
		};
		82BA51D52BB4587B000D54C4 /* Debug */ = {
			isa = XCBuildConfiguration;
			buildSettings = {
				ALWAYS_EMBED_SWIFT_STANDARD_LIBRARIES = YES;
				CODE_SIGN_STYLE = Automatic;
				CURRENT_PROJECT_VERSION = 1;
				DEVELOPMENT_TEAM = CZU5UZ77MX;
				GENERATE_INFOPLIST_FILE = YES;
				MARKETING_VERSION = 1.0;
				PRODUCT_BUNDLE_IDENTIFIER = pepe.propertyWrapperUITests;
				PRODUCT_NAME = "$(TARGET_NAME)";
				SWIFT_EMIT_LOC_STRINGS = NO;
				SWIFT_VERSION = 5.0;
				TARGETED_DEVICE_FAMILY = "1,2";
				TEST_TARGET_NAME = propertyWrapper;
			};
			name = Debug;
		};
		82BA51D62BB4587B000D54C4 /* Release */ = {
			isa = XCBuildConfiguration;
			buildSettings = {
				ALWAYS_EMBED_SWIFT_STANDARD_LIBRARIES = YES;
				CODE_SIGN_STYLE = Automatic;
				CURRENT_PROJECT_VERSION = 1;
				DEVELOPMENT_TEAM = CZU5UZ77MX;
				GENERATE_INFOPLIST_FILE = YES;
				MARKETING_VERSION = 1.0;
				PRODUCT_BUNDLE_IDENTIFIER = pepe.propertyWrapperUITests;
				PRODUCT_NAME = "$(TARGET_NAME)";
				SWIFT_EMIT_LOC_STRINGS = NO;
				SWIFT_VERSION = 5.0;
				TARGETED_DEVICE_FAMILY = "1,2";
				TEST_TARGET_NAME = propertyWrapper;
			};
			name = Release;
		};
/* End XCBuildConfiguration section */

/* Begin XCConfigurationList section */
		82BA51A52BB45877000D54C4 /* Build configuration list for PBXProject "propertyWrapper" */ = {
			isa = XCConfigurationList;
			buildConfigurations = (
				82BA51CC2BB4587B000D54C4 /* Debug */,
				82BA51CD2BB4587B000D54C4 /* Release */,
			);
			defaultConfigurationIsVisible = 0;
			defaultConfigurationName = Release;
		};
		82BA51CE2BB4587B000D54C4 /* Build configuration list for PBXNativeTarget "propertyWrapper" */ = {
			isa = XCConfigurationList;
			buildConfigurations = (
				82BA51CF2BB4587B000D54C4 /* Debug */,
				82BA51D02BB4587B000D54C4 /* Release */,
			);
			defaultConfigurationIsVisible = 0;
			defaultConfigurationName = Release;
		};
		82BA51D12BB4587B000D54C4 /* Build configuration list for PBXNativeTarget "propertyWrapperTests" */ = {
			isa = XCConfigurationList;
			buildConfigurations = (
				82BA51D22BB4587B000D54C4 /* Debug */,
				82BA51D32BB4587B000D54C4 /* Release */,
			);
			defaultConfigurationIsVisible = 0;
			defaultConfigurationName = Release;
		};
		82BA51D42BB4587B000D54C4 /* Build configuration list for PBXNativeTarget "propertyWrapperUITests" */ = {
			isa = XCConfigurationList;
			buildConfigurations = (
				82BA51D52BB4587B000D54C4 /* Debug */,
				82BA51D62BB4587B000D54C4 /* Release */,
			);
			defaultConfigurationIsVisible = 0;
			defaultConfigurationName = Release;
		};
/* End XCConfigurationList section */
	};
	rootObject = 82BA51A22BB45877000D54C4 /* Project object */;
}
